<?xml version="1.0" encoding="utf-8"?>
<Project ToolsVersion="4.0" xmlns="http://schemas.microsoft.com/developer/msbuild/2003">
  <ItemGroup>
    <Filter Include="File di origine">
      <UniqueIdentifier>{4FC737F1-C7A5-4376-A066-2A32D752A2FF}</UniqueIdentifier>
      <Extensions>cpp;c;cc;cxx;def;odl;idl;hpj;bat;asm;asmx</Extensions>
    </Filter>
    <Filter Include="File di intestazione">
      <UniqueIdentifier>{93995380-89BD-4b04-88EB-625FBE52EBFB}</UniqueIdentifier>
      <Extensions>h;hpp;hxx;hm;inl;inc;xsd</Extensions>
    </Filter>
    <Filter Include="File di risorse">
      <UniqueIdentifier>{67DA6AB6-F800-4c08-8B7A-83BB121AAD01}</UniqueIdentifier>
      <Extensions>rc;ico;cur;bmp;dlg;rc2;rct;bin;rgs;gif;jpg;jpeg;jpe;resx;tiff;tif;png;wav;mfcribbon-ms</Extensions>
    </Filter>
    <Filter Include="Physic">
      <UniqueIdentifier>{b86b11a0-cb2a-42ce-b4dd-81716c0daa60}</UniqueIdentifier>
    </Filter>
  </ItemGroup>
  <ItemGroup>
    <ClInclude Include="include\OgreApp.h">
      <Filter>File di intestazione</Filter>
    </ClInclude>
    <ClInclude Include="include\BaseApplication.h">
      <Filter>File di intestazione</Filter>
    </ClInclude>
    <ClInclude Include="res\Resource.h">
      <Filter>File di intestazione</Filter>
    </ClInclude>
    <ClInclude Include="include\Core.h">
      <Filter>Physic</Filter>
    </ClInclude>
    <ClInclude Include="include\Particle.h">
      <Filter>Physic</Filter>
    </ClInclude>
    <ClInclude Include="include\RigidBody.h">
      <Filter>Physic</Filter>
    </ClInclude>
    <ClInclude Include="include\Forces.h">
      <Filter>Physic</Filter>
    </ClInclude>
    <ClInclude Include="include\Contacts.h">
      <Filter>Physic</Filter>
    </ClInclude>
    <ClInclude Include="include\CollisionPrimitive.h">
      <Filter>Physic</Filter>
    </ClInclude>
    <ClInclude Include="include\CollisionObject.h">
      <Filter>Physic</Filter>
    </ClInclude>
  </ItemGroup>
  <ItemGroup>
    <ClCompile Include="src\OgreApp.cpp">
      <Filter>File di origine</Filter>
    </ClCompile>
    <ClCompile Include="src\BaseApplication.cpp">
      <Filter>File di origine</Filter>
    </ClCompile>
    <ClCompile Include="src\Core.cpp">
      <Filter>Physic</Filter>
    </ClCompile>
    <ClCompile Include="src\Particle.cpp">
      <Filter>Physic</Filter>
    </ClCompile>
    <ClCompile Include="src\RigidBody.cpp">
      <Filter>Physic</Filter>
    </ClCompile>
    <ClCompile Include="src\Forces.cpp">
      <Filter>Physic</Filter>
    </ClCompile>
    <ClCompile Include="src\Contacts.cpp">
      <Filter>Physic</Filter>
    </ClCompile>
    <ClCompile Include="src\CollisionPrimitive.cpp">
      <Filter>Physic</Filter>
    </ClCompile>
    <ClCompile Include="src\CollisionObject.cpp">
      <Filter>Physic</Filter>
    </ClCompile>
  </ItemGroup>
  <ItemGroup>
    <None Include="docs\ReadMe.txt" />
    <None Include="res\OgreApp.ico">
      <Filter>File di risorse</Filter>
    </None>
  </ItemGroup>
  <ItemGroup>
    <ResourceCompile Include="res\OgreApp.rc">
      <Filter>File di risorse</Filter>
    </ResourceCompile>
  </ItemGroup>
</Project>